
Microsoft Visual Studio Solution File, Format Version 12.00
# Visual Studio Version 16
VisualStudioVersion = 16.0.29806.167
MinimumVisualStudioVersion = 10.0.40219.1
Project("{9A19103F-16F7-4668-BE54-9A1E7A4F7556}") = "Udara.Plugin.XFColorPickerControl", "Udara.Plugin.XFColorPickerControl.csproj", "{32D9DC82-78AE-40C2-8101-2928FB3641CB}"
EndProject
Project("{2150E333-8FDC-42A3-9474-1A3956D46DE8}") = "Demo", "Demo", "{CA95B10E-2EC5-4705-ACE5-4587DB32F190}"
EndProject
Project("{FAE04EC0-301F-11D3-BF4B-00C04F79EFBC}") = "DemoApp.UWP", "..\Demo\DemoApp.UWP\DemoApp.UWP.csproj", "{2F0DC339-4A16-4BC5-9EDA-390DBFF12A27}"
EndProject
Project("{FAE04EC0-301F-11D3-BF4B-00C04F79EFBC}") = "DemoApp.Android", "..\Demo\DemoApp.Android\DemoApp.Android.csproj", "{D612D46E-BD96-416F-A1DF-1D9D35C5A149}"
EndProject
Project("{FAE04EC0-301F-11D3-BF4B-00C04F79EFBC}") = "DemoApp.iOS", "..\Demo\DemoApp.iOS\DemoApp.iOS.csproj", "{695B7F20-D013-48FA-B242-A48F060C3A99}"
EndProject
Project("{FAE04EC0-301F-11D3-BF4B-00C04F79EFBC}") = "DemoApp", "..\Demo\DemoApp\DemoApp.csproj", "{F4776221-9986-4276-9FD6-704FD0C76B75}"
EndProject
Global
	GlobalSection(SolutionConfigurationPlatforms) = preSolution
		Debug|Any CPU = Debug|Any CPU
		Debug|ARM = Debug|ARM
		Debug|iPhone = Debug|iPhone
		Debug|iPhoneSimulator = Debug|iPhoneSimulator
		Debug|x64 = Debug|x64
		Debug|x86 = Debug|x86
		Release|Any CPU = Release|Any CPU
		Release|ARM = Release|ARM
		Release|iPhone = Release|iPhone
		Release|iPhoneSimulator = Release|iPhoneSimulator
		Release|x64 = Release|x64
		Release|x86 = Release|x86
	EndGlobalSection
	GlobalSection(ProjectConfigurationPlatforms) = postSolution
		{32D9DC82-78AE-40C2-8101-2928FB3641CB}.Debug|Any CPU.ActiveCfg = Debug|Any CPU
		{32D9DC82-78AE-40C2-8101-2928FB3641CB}.Debug|Any CPU.Build.0 = Debug|Any CPU
		{32D9DC82-78AE-40C2-8101-2928FB3641CB}.Debug|ARM.ActiveCfg = Debug|Any CPU
		{32D9DC82-78AE-40C2-8101-2928FB3641CB}.Debug|ARM.Build.0 = Debug|Any CPU
		{32D9DC82-78AE-40C2-8101-2928FB3641CB}.Debug|iPhone.ActiveCfg = Debug|Any CPU
		{32D9DC82-78AE-40C2-8101-2928FB3641CB}.Debug|iPhone.Build.0 = Debug|Any CPU
		{32D9DC82-78AE-40C2-8101-2928FB3641CB}.Debug|iPhoneSimulator.ActiveCfg = Debug|Any CPU
		{32D9DC82-78AE-40C2-8101-2928FB3641CB}.Debug|iPhoneSimulator.Build.0 = Debug|Any CPU
		{32D9DC82-78AE-40C2-8101-2928FB3641CB}.Debug|x64.ActiveCfg = Debug|Any CPU
		{32D9DC82-78AE-40C2-8101-2928FB3641CB}.Debug|x64.Build.0 = Debug|Any CPU
		{32D9DC82-78AE-40C2-8101-2928FB3641CB}.Debug|x86.ActiveCfg = Debug|Any CPU
		{32D9DC82-78AE-40C2-8101-2928FB3641CB}.Debug|x86.Build.0 = Debug|Any CPU
		{32D9DC82-78AE-40C2-8101-2928FB3641CB}.Release|Any CPU.ActiveCfg = Release|Any CPU
		{32D9DC82-78AE-40C2-8101-2928FB3641CB}.Release|Any CPU.Build.0 = Release|Any CPU
		{32D9DC82-78AE-40C2-8101-2928FB3641CB}.Release|ARM.ActiveCfg = Release|Any CPU
		{32D9DC82-78AE-40C2-8101-2928FB3641CB}.Release|ARM.Build.0 = Release|Any CPU
		{32D9DC82-78AE-40C2-8101-2928FB3641CB}.Release|iPhone.ActiveCfg = Release|Any CPU
		{32D9DC82-78AE-40C2-8101-2928FB3641CB}.Release|iPhone.Build.0 = Release|Any CPU
		{32D9DC82-78AE-40C2-8101-2928FB3641CB}.Release|iPhoneSimulator.ActiveCfg = Release|Any CPU
		{32D9DC82-78AE-40C2-8101-2928FB3641CB}.Release|iPhoneSimulator.Build.0 = Release|Any CPU
		{32D9DC82-78AE-40C2-8101-2928FB3641CB}.Release|x64.ActiveCfg = Release|Any CPU
		{32D9DC82-78AE-40C2-8101-2928FB3641CB}.Release|x64.Build.0 = Release|Any CPU
		{32D9DC82-78AE-40C2-8101-2928FB3641CB}.Release|x86.ActiveCfg = Release|Any CPU
		{32D9DC82-78AE-40C2-8101-2928FB3641CB}.Release|x86.Build.0 = Release|Any CPU
		{2F0DC339-4A16-4BC5-9EDA-390DBFF12A27}.Debug|Any CPU.ActiveCfg = Debug|x86
		{2F0DC339-4A16-4BC5-9EDA-390DBFF12A27}.Debug|ARM.ActiveCfg = Debug|ARM
		{2F0DC339-4A16-4BC5-9EDA-390DBFF12A27}.Debug|ARM.Build.0 = Debug|ARM
		{2F0DC339-4A16-4BC5-9EDA-390DBFF12A27}.Debug|ARM.Deploy.0 = Debug|ARM
		{2F0DC339-4A16-4BC5-9EDA-390DBFF12A27}.Debug|iPhone.ActiveCfg = Debug|x86
		{2F0DC339-4A16-4BC5-9EDA-390DBFF12A27}.Debug|iPhoneSimulator.ActiveCfg = Debug|x86
		{2F0DC339-4A16-4BC5-9EDA-390DBFF12A27}.Debug|x64.ActiveCfg = Debug|x64
		{2F0DC339-4A16-4BC5-9EDA-390DBFF12A27}.Debug|x64.Build.0 = Debug|x64
		{2F0DC339-4A16-4BC5-9EDA-390DBFF12A27}.Debug|x64.Deploy.0 = Debug|x64
		{2F0DC339-4A16-4BC5-9EDA-390DBFF12A27}.Debug|x86.ActiveCfg = Debug|x86
		{2F0DC339-4A16-4BC5-9EDA-390DBFF12A27}.Debug|x86.Build.0 = Debug|x86
		{2F0DC339-4A16-4BC5-9EDA-390DBFF12A27}.Debug|x86.Deploy.0 = Debug|x86
		{2F0DC339-4A16-4BC5-9EDA-390DBFF12A27}.Release|Any CPU.ActiveCfg = Release|x86
		{2F0DC339-4A16-4BC5-9EDA-390DBFF12A27}.Release|ARM.ActiveCfg = Release|ARM
		{2F0DC339-4A16-4BC5-9EDA-390DBFF12A27}.Release|ARM.Build.0 = Release|ARM
		{2F0DC339-4A16-4BC5-9EDA-390DBFF12A27}.Release|ARM.Deploy.0 = Release|ARM
		{2F0DC339-4A16-4BC5-9EDA-390DBFF12A27}.Release|iPhone.ActiveCfg = Release|x86
		{2F0DC339-4A16-4BC5-9EDA-390DBFF12A27}.Release|iPhoneSimulator.ActiveCfg = Release|x86
		{2F0DC339-4A16-4BC5-9EDA-390DBFF12A27}.Release|x64.ActiveCfg = Release|x64
		{2F0DC339-4A16-4BC5-9EDA-390DBFF12A27}.Release|x64.Build.0 = Release|x64
		{2F0DC339-4A16-4BC5-9EDA-390DBFF12A27}.Release|x64.Deploy.0 = Release|x64
		{2F0DC339-4A16-4BC5-9EDA-390DBFF12A27}.Release|x86.ActiveCfg = Release|x86
		{2F0DC339-4A16-4BC5-9EDA-390DBFF12A27}.Release|x86.Build.0 = Release|x86
		{2F0DC339-4A16-4BC5-9EDA-390DBFF12A27}.Release|x86.Deploy.0 = Release|x86
		{D612D46E-BD96-416F-A1DF-1D9D35C5A149}.Debug|Any CPU.ActiveCfg = Debug|Any CPU
		{D612D46E-BD96-416F-A1DF-1D9D35C5A149}.Debug|Any CPU.Build.0 = Debug|Any CPU
		{D612D46E-BD96-416F-A1DF-1D9D35C5A149}.Debug|Any CPU.Deploy.0 = Debug|Any CPU
		{D612D46E-BD96-416F-A1DF-1D9D35C5A149}.Debug|ARM.ActiveCfg = Debug|Any CPU
		{D612D46E-BD96-416F-A1DF-1D9D35C5A149}.Debug|ARM.Build.0 = Debug|Any CPU
		{D612D46E-BD96-416F-A1DF-1D9D35C5A149}.Debug|ARM.Deploy.0 = Debug|Any CPU
		{D612D46E-BD96-416F-A1DF-1D9D35C5A149}.Debug|iPhone.ActiveCfg = Debug|Any CPU
		{D612D46E-BD96-416F-A1DF-1D9D35C5A149}.Debug|iPhone.Build.0 = Debug|Any CPU
		{D612D46E-BD96-416F-A1DF-1D9D35C5A149}.Debug|iPhone.Deploy.0 = Debug|Any CPU
		{D612D46E-BD96-416F-A1DF-1D9D35C5A149}.Debug|iPhoneSimulator.ActiveCfg = Debug|Any CPU
		{D612D46E-BD96-416F-A1DF-1D9D35C5A149}.Debug|iPhoneSimulator.Build.0 = Debug|Any CPU
		{D612D46E-BD96-416F-A1DF-1D9D35C5A149}.Debug|iPhoneSimulator.Deploy.0 = Debug|Any CPU
		{D612D46E-BD96-416F-A1DF-1D9D35C5A149}.Debug|x64.ActiveCfg = Debug|Any CPU
		{D612D46E-BD96-416F-A1DF-1D9D35C5A149}.Debug|x64.Build.0 = Debug|Any CPU
		{D612D46E-BD96-416F-A1DF-1D9D35C5A149}.Debug|x64.Deploy.0 = Debug|Any CPU
		{D612D46E-BD96-416F-A1DF-1D9D35C5A149}.Debug|x86.ActiveCfg = Debug|Any CPU
		{D612D46E-BD96-416F-A1DF-1D9D35C5A149}.Debug|x86.Build.0 = Debug|Any CPU
		{D612D46E-BD96-416F-A1DF-1D9D35C5A149}.Debug|x86.Deploy.0 = Debug|Any CPU
		{D612D46E-BD96-416F-A1DF-1D9D35C5A149}.Release|Any CPU.ActiveCfg = Release|Any CPU
		{D612D46E-BD96-416F-A1DF-1D9D35C5A149}.Release|Any CPU.Build.0 = Release|Any CPU
		{D612D46E-BD96-416F-A1DF-1D9D35C5A149}.Release|Any CPU.Deploy.0 = Release|Any CPU
		{D612D46E-BD96-416F-A1DF-1D9D35C5A149}.Release|ARM.ActiveCfg = Release|Any CPU
		{D612D46E-BD96-416F-A1DF-1D9D35C5A149}.Release|ARM.Build.0 = Release|Any CPU
		{D612D46E-BD96-416F-A1DF-1D9D35C5A149}.Release|ARM.Deploy.0 = Release|Any CPU
		{D612D46E-BD96-416F-A1DF-1D9D35C5A149}.Release|iPhone.ActiveCfg = Release|Any CPU
		{D612D46E-BD96-416F-A1DF-1D9D35C5A149}.Release|iPhone.Build.0 = Release|Any CPU
		{D612D46E-BD96-416F-A1DF-1D9D35C5A149}.Release|iPhone.Deploy.0 = Release|Any CPU
		{D612D46E-BD96-416F-A1DF-1D9D35C5A149}.Release|iPhoneSimulator.ActiveCfg = Release|Any CPU
		{D612D46E-BD96-416F-A1DF-1D9D35C5A149}.Release|iPhoneSimulator.Build.0 = Release|Any CPU
		{D612D46E-BD96-416F-A1DF-1D9D35C5A149}.Release|iPhoneSimulator.Deploy.0 = Release|Any CPU
		{D612D46E-BD96-416F-A1DF-1D9D35C5A149}.Release|x64.ActiveCfg = Release|Any CPU
		{D612D46E-BD96-416F-A1DF-1D9D35C5A149}.Release|x64.Build.0 = Release|Any CPU
		{D612D46E-BD96-416F-A1DF-1D9D35C5A149}.Release|x64.Deploy.0 = Release|Any CPU
		{D612D46E-BD96-416F-A1DF-1D9D35C5A149}.Release|x86.ActiveCfg = Release|Any CPU
		{D612D46E-BD96-416F-A1DF-1D9D35C5A149}.Release|x86.Build.0 = Release|Any CPU
		{D612D46E-BD96-416F-A1DF-1D9D35C5A149}.Release|x86.Deploy.0 = Release|Any CPU
		{695B7F20-D013-48FA-B242-A48F060C3A99}.Debug|Any CPU.ActiveCfg = Debug|iPhone
		{695B7F20-D013-48FA-B242-A48F060C3A99}.Debug|ARM.ActiveCfg = Debug|iPhone
		{695B7F20-D013-48FA-B242-A48F060C3A99}.Debug|iPhone.ActiveCfg = Debug|iPhone
		{695B7F20-D013-48FA-B242-A48F060C3A99}.Debug|iPhone.Build.0 = Debug|iPhone
		{695B7F20-D013-48FA-B242-A48F060C3A99}.Debug|iPhoneSimulator.ActiveCfg = Debug|iPhoneSimulator
		{695B7F20-D013-48FA-B242-A48F060C3A99}.Debug|iPhoneSimulator.Build.0 = Debug|iPhoneSimulator
		{695B7F20-D013-48FA-B242-A48F060C3A99}.Debug|x64.ActiveCfg = Debug|iPhone
		{695B7F20-D013-48FA-B242-A48F060C3A99}.Debug|x86.ActiveCfg = Debug|iPhone
		{695B7F20-D013-48FA-B242-A48F060C3A99}.Release|Any CPU.ActiveCfg = Release|iPhone
		{695B7F20-D013-48FA-B242-A48F060C3A99}.Release|ARM.ActiveCfg = Release|iPhone
		{695B7F20-D013-48FA-B242-A48F060C3A99}.Release|iPhone.ActiveCfg = Release|iPhone
		{695B7F20-D013-48FA-B242-A48F060C3A99}.Release|iPhone.Build.0 = Release|iPhone
		{695B7F20-D013-48FA-B242-A48F060C3A99}.Release|iPhoneSimulator.ActiveCfg = Release|iPhoneSimulator
		{695B7F20-D013-48FA-B242-A48F060C3A99}.Release|iPhoneSimulator.Build.0 = Release|iPhoneSimulator
		{695B7F20-D013-48FA-B242-A48F060C3A99}.Release|x64.ActiveCfg = Release|iPhone
		{695B7F20-D013-48FA-B242-A48F060C3A99}.Release|x86.ActiveCfg = Release|iPhone
		{F4776221-9986-4276-9FD6-704FD0C76B75}.Debug|Any CPU.ActiveCfg = Debug|Any CPU
		{F4776221-9986-4276-9FD6-704FD0C76B75}.Debug|Any CPU.Build.0 = Debug|Any CPU
		{F4776221-9986-4276-9FD6-704FD0C76B75}.Debug|ARM.ActiveCfg = Debug|Any CPU
		{F4776221-9986-4276-9FD6-704FD0C76B75}.Debug|ARM.Build.0 = Debug|Any CPU
		{F4776221-9986-4276-9FD6-704FD0C76B75}.Debug|iPhone.ActiveCfg = Debug|Any CPU
		{F4776221-9986-4276-9FD6-704FD0C76B75}.Debug|iPhone.Build.0 = Debug|Any CPU
		{F4776221-9986-4276-9FD6-704FD0C76B75}.Debug|iPhoneSimulator.ActiveCfg = Debug|Any CPU
		{F4776221-9986-4276-9FD6-704FD0C76B75}.Debug|iPhoneSimulator.Build.0 = Debug|Any CPU
		{F4776221-9986-4276-9FD6-704FD0C76B75}.Debug|x64.ActiveCfg = Debug|Any CPU
		{F4776221-9986-4276-9FD6-704FD0C76B75}.Debug|x64.Build.0 = Debug|Any CPU
		{F4776221-9986-4276-9FD6-704FD0C76B75}.Debug|x86.ActiveCfg = Debug|Any CPU
		{F4776221-9986-4276-9FD6-704FD0C76B75}.Debug|x86.Build.0 = Debug|Any CPU
		{F4776221-9986-4276-9FD6-704FD0C76B75}.Release|Any CPU.ActiveCfg = Release|Any CPU
		{F4776221-9986-4276-9FD6-704FD0C76B75}.Release|Any CPU.Build.0 = Release|Any CPU
		{F4776221-9986-4276-9FD6-704FD0C76B75}.Release|ARM.ActiveCfg = Release|Any CPU
		{F4776221-9986-4276-9FD6-704FD0C76B75}.Release|ARM.Build.0 = Release|Any CPU
		{F4776221-9986-4276-9FD6-704FD0C76B75}.Release|iPhone.ActiveCfg = Release|Any CPU
		{F4776221-9986-4276-9FD6-704FD0C76B75}.Release|iPhone.Build.0 = Release|Any CPU
		{F4776221-9986-4276-9FD6-704FD0C76B75}.Release|iPhoneSimulator.ActiveCfg = Release|Any CPU
		{F4776221-9986-4276-9FD6-704FD0C76B75}.Release|iPhoneSimulator.Build.0 = Release|Any CPU
		{F4776221-9986-4276-9FD6-704FD0C76B75}.Release|x64.ActiveCfg = Release|Any CPU
		{F4776221-9986-4276-9FD6-704FD0C76B75}.Release|x64.Build.0 = Release|Any CPU
		{F4776221-9986-4276-9FD6-704FD0C76B75}.Release|x86.ActiveCfg = Release|Any CPU
		{F4776221-9986-4276-9FD6-704FD0C76B75}.Release|x86.Build.0 = Release|Any CPU
	EndGlobalSection
	GlobalSection(SolutionProperties) = preSolution
		HideSolutionNode = FALSE
	EndGlobalSection
	GlobalSection(NestedProjects) = preSolution
		{2F0DC339-4A16-4BC5-9EDA-390DBFF12A27} = {CA95B10E-2EC5-4705-ACE5-4587DB32F190}
		{D612D46E-BD96-416F-A1DF-1D9D35C5A149} = {CA95B10E-2EC5-4705-ACE5-4587DB32F190}
		{695B7F20-D013-48FA-B242-A48F060C3A99} = {CA95B10E-2EC5-4705-ACE5-4587DB32F190}
		{F4776221-9986-4276-9FD6-704FD0C76B75} = {CA95B10E-2EC5-4705-ACE5-4587DB32F190}
	EndGlobalSection
	GlobalSection(ExtensibilityGlobals) = postSolution
		SolutionGuid = {555A0537-FF83-436D-8A68-99C461021F8D}
	EndGlobalSection
EndGlobal
