
Microsoft Visual Studio Solution File, Format Version 12.00
# Visual Studio Version 16
VisualStudioVersion = 16.0.29806.167
MinimumVisualStudioVersion = 10.0.40219.1
Project("{FAE04EC0-301F-11D3-BF4B-00C04F79EFBC}") = "Udara.Plugin.XFColorPickerControl", "Udara.Plugin.XFColorPickerControl.csproj", "{32D9DC82-78AE-40C2-8101-2928FB3641CB}"
EndProject
Global
	GlobalSection(SolutionConfigurationPlatforms) = preSolution
		Debug|Any CPU = Debug|Any CPU
		Release|Any CPU = Release|Any CPU
	EndGlobalSection
	GlobalSection(ProjectConfigurationPlatforms) = postSolution
		{32D9DC82-78AE-40C2-8101-2928FB3641CB}.Debug|Any CPU.ActiveCfg = Debug|Any CPU
		{32D9DC82-78AE-40C2-8101-2928FB3641CB}.Debug|Any CPU.Build.0 = Debug|Any CPU
		{32D9DC82-78AE-40C2-8101-2928FB3641CB}.Release|Any CPU.ActiveCfg = Release|Any CPU
		{32D9DC82-78AE-40C2-8101-2928FB3641CB}.Release|Any CPU.Build.0 = Release|Any CPU
	EndGlobalSection
	GlobalSection(SolutionProperties) = preSolution
		HideSolutionNode = FALSE
	EndGlobalSection
	GlobalSection(ExtensibilityGlobals) = postSolution
		SolutionGuid = {555A0537-FF83-436D-8A68-99C461021F8D}
	EndGlobalSection
EndGlobal
