
Microsoft Visual Studio Solution File, Format Version 12.00
# Visual Studio Version 16
VisualStudioVersion = 16.0.29806.167
MinimumVisualStudioVersion = 10.0.40219.1
Project("{FAE04EC0-301F-11D3-BF4B-00C04F79EFBC}") = "XFColorPickerControl.UWP", "XFColorPickerControl\XFColorPickerControl.UWP\XFColorPickerControl.UWP.csproj", "{AC8F9B59-08AE-450C-9872-857E469264CC}"
EndProject
Project("{FAE04EC0-301F-11D3-BF4B-00C04F79EFBC}") = "XFColorPickerControl.Android", "XFColorPickerControl\XFColorPickerControl.Android\XFColorPickerControl.Android.csproj", "{FBAA6A6C-E72F-4F6F-85A6-D5F8454F49B0}"
EndProject
Project("{FAE04EC0-301F-11D3-BF4B-00C04F79EFBC}") = "XFColorPickerControl.iOS", "XFColorPickerControl\XFColorPickerControl.iOS\XFColorPickerControl.iOS.csproj", "{DA93E355-B257-45F0-BBC4-E81765CAF442}"
EndProject
Project("{FAE04EC0-301F-11D3-BF4B-00C04F79EFBC}") = "XFColorPickerControl", "XFColorPickerControl\XFColorPickerControl\XFColorPickerControl.csproj", "{F5AEE682-1531-45A9-9C08-A124F9C45F58}"
EndProject
Global
	GlobalSection(SolutionConfigurationPlatforms) = preSolution
		Debug|Any CPU = Debug|Any CPU
		Debug|ARM = Debug|ARM
		Debug|iPhone = Debug|iPhone
		Debug|iPhoneSimulator = Debug|iPhoneSimulator
		Debug|x64 = Debug|x64
		Debug|x86 = Debug|x86
		Release|Any CPU = Release|Any CPU
		Release|ARM = Release|ARM
		Release|iPhone = Release|iPhone
		Release|iPhoneSimulator = Release|iPhoneSimulator
		Release|x64 = Release|x64
		Release|x86 = Release|x86
	EndGlobalSection
	GlobalSection(ProjectConfigurationPlatforms) = postSolution
		{AC8F9B59-08AE-450C-9872-857E469264CC}.Debug|Any CPU.ActiveCfg = Debug|x86
		{AC8F9B59-08AE-450C-9872-857E469264CC}.Debug|Any CPU.Build.0 = Debug|x86
		{AC8F9B59-08AE-450C-9872-857E469264CC}.Debug|Any CPU.Deploy.0 = Debug|x86
		{AC8F9B59-08AE-450C-9872-857E469264CC}.Debug|ARM.ActiveCfg = Debug|ARM
		{AC8F9B59-08AE-450C-9872-857E469264CC}.Debug|ARM.Build.0 = Debug|ARM
		{AC8F9B59-08AE-450C-9872-857E469264CC}.Debug|ARM.Deploy.0 = Debug|ARM
		{AC8F9B59-08AE-450C-9872-857E469264CC}.Debug|iPhone.ActiveCfg = Debug|x86
		{AC8F9B59-08AE-450C-9872-857E469264CC}.Debug|iPhone.Build.0 = Debug|x86
		{AC8F9B59-08AE-450C-9872-857E469264CC}.Debug|iPhone.Deploy.0 = Debug|x86
		{AC8F9B59-08AE-450C-9872-857E469264CC}.Debug|iPhoneSimulator.ActiveCfg = Debug|x86
		{AC8F9B59-08AE-450C-9872-857E469264CC}.Debug|iPhoneSimulator.Build.0 = Debug|x86
		{AC8F9B59-08AE-450C-9872-857E469264CC}.Debug|iPhoneSimulator.Deploy.0 = Debug|x86
		{AC8F9B59-08AE-450C-9872-857E469264CC}.Debug|x64.ActiveCfg = Debug|x64
		{AC8F9B59-08AE-450C-9872-857E469264CC}.Debug|x64.Build.0 = Debug|x64
		{AC8F9B59-08AE-450C-9872-857E469264CC}.Debug|x64.Deploy.0 = Debug|x64
		{AC8F9B59-08AE-450C-9872-857E469264CC}.Debug|x86.ActiveCfg = Debug|x86
		{AC8F9B59-08AE-450C-9872-857E469264CC}.Debug|x86.Build.0 = Debug|x86
		{AC8F9B59-08AE-450C-9872-857E469264CC}.Debug|x86.Deploy.0 = Debug|x86
		{AC8F9B59-08AE-450C-9872-857E469264CC}.Release|Any CPU.ActiveCfg = Release|x86
		{AC8F9B59-08AE-450C-9872-857E469264CC}.Release|Any CPU.Build.0 = Release|x86
		{AC8F9B59-08AE-450C-9872-857E469264CC}.Release|Any CPU.Deploy.0 = Release|x86
		{AC8F9B59-08AE-450C-9872-857E469264CC}.Release|ARM.ActiveCfg = Release|ARM
		{AC8F9B59-08AE-450C-9872-857E469264CC}.Release|ARM.Build.0 = Release|ARM
		{AC8F9B59-08AE-450C-9872-857E469264CC}.Release|ARM.Deploy.0 = Release|ARM
		{AC8F9B59-08AE-450C-9872-857E469264CC}.Release|iPhone.ActiveCfg = Release|x86
		{AC8F9B59-08AE-450C-9872-857E469264CC}.Release|iPhone.Build.0 = Release|x86
		{AC8F9B59-08AE-450C-9872-857E469264CC}.Release|iPhone.Deploy.0 = Release|x86
		{AC8F9B59-08AE-450C-9872-857E469264CC}.Release|iPhoneSimulator.ActiveCfg = Release|x86
		{AC8F9B59-08AE-450C-9872-857E469264CC}.Release|iPhoneSimulator.Build.0 = Release|x86
		{AC8F9B59-08AE-450C-9872-857E469264CC}.Release|iPhoneSimulator.Deploy.0 = Release|x86
		{AC8F9B59-08AE-450C-9872-857E469264CC}.Release|x64.ActiveCfg = Release|x64
		{AC8F9B59-08AE-450C-9872-857E469264CC}.Release|x64.Build.0 = Release|x64
		{AC8F9B59-08AE-450C-9872-857E469264CC}.Release|x64.Deploy.0 = Release|x64
		{AC8F9B59-08AE-450C-9872-857E469264CC}.Release|x86.ActiveCfg = Release|x86
		{AC8F9B59-08AE-450C-9872-857E469264CC}.Release|x86.Build.0 = Release|x86
		{AC8F9B59-08AE-450C-9872-857E469264CC}.Release|x86.Deploy.0 = Release|x86
		{FBAA6A6C-E72F-4F6F-85A6-D5F8454F49B0}.Debug|Any CPU.ActiveCfg = Debug|Any CPU
		{FBAA6A6C-E72F-4F6F-85A6-D5F8454F49B0}.Debug|Any CPU.Build.0 = Debug|Any CPU
		{FBAA6A6C-E72F-4F6F-85A6-D5F8454F49B0}.Debug|Any CPU.Deploy.0 = Debug|Any CPU
		{FBAA6A6C-E72F-4F6F-85A6-D5F8454F49B0}.Debug|ARM.ActiveCfg = Debug|Any CPU
		{FBAA6A6C-E72F-4F6F-85A6-D5F8454F49B0}.Debug|ARM.Build.0 = Debug|Any CPU
		{FBAA6A6C-E72F-4F6F-85A6-D5F8454F49B0}.Debug|ARM.Deploy.0 = Debug|Any CPU
		{FBAA6A6C-E72F-4F6F-85A6-D5F8454F49B0}.Debug|iPhone.ActiveCfg = Debug|Any CPU
		{FBAA6A6C-E72F-4F6F-85A6-D5F8454F49B0}.Debug|iPhone.Build.0 = Debug|Any CPU
		{FBAA6A6C-E72F-4F6F-85A6-D5F8454F49B0}.Debug|iPhone.Deploy.0 = Debug|Any CPU
		{FBAA6A6C-E72F-4F6F-85A6-D5F8454F49B0}.Debug|iPhoneSimulator.ActiveCfg = Debug|Any CPU
		{FBAA6A6C-E72F-4F6F-85A6-D5F8454F49B0}.Debug|iPhoneSimulator.Build.0 = Debug|Any CPU
		{FBAA6A6C-E72F-4F6F-85A6-D5F8454F49B0}.Debug|iPhoneSimulator.Deploy.0 = Debug|Any CPU
		{FBAA6A6C-E72F-4F6F-85A6-D5F8454F49B0}.Debug|x64.ActiveCfg = Debug|Any CPU
		{FBAA6A6C-E72F-4F6F-85A6-D5F8454F49B0}.Debug|x64.Build.0 = Debug|Any CPU
		{FBAA6A6C-E72F-4F6F-85A6-D5F8454F49B0}.Debug|x64.Deploy.0 = Debug|Any CPU
		{FBAA6A6C-E72F-4F6F-85A6-D5F8454F49B0}.Debug|x86.ActiveCfg = Debug|Any CPU
		{FBAA6A6C-E72F-4F6F-85A6-D5F8454F49B0}.Debug|x86.Build.0 = Debug|Any CPU
		{FBAA6A6C-E72F-4F6F-85A6-D5F8454F49B0}.Debug|x86.Deploy.0 = Debug|Any CPU
		{FBAA6A6C-E72F-4F6F-85A6-D5F8454F49B0}.Release|Any CPU.ActiveCfg = Release|Any CPU
		{FBAA6A6C-E72F-4F6F-85A6-D5F8454F49B0}.Release|Any CPU.Build.0 = Release|Any CPU
		{FBAA6A6C-E72F-4F6F-85A6-D5F8454F49B0}.Release|Any CPU.Deploy.0 = Release|Any CPU
		{FBAA6A6C-E72F-4F6F-85A6-D5F8454F49B0}.Release|ARM.ActiveCfg = Release|Any CPU
		{FBAA6A6C-E72F-4F6F-85A6-D5F8454F49B0}.Release|ARM.Build.0 = Release|Any CPU
		{FBAA6A6C-E72F-4F6F-85A6-D5F8454F49B0}.Release|ARM.Deploy.0 = Release|Any CPU
		{FBAA6A6C-E72F-4F6F-85A6-D5F8454F49B0}.Release|iPhone.ActiveCfg = Release|Any CPU
		{FBAA6A6C-E72F-4F6F-85A6-D5F8454F49B0}.Release|iPhone.Build.0 = Release|Any CPU
		{FBAA6A6C-E72F-4F6F-85A6-D5F8454F49B0}.Release|iPhone.Deploy.0 = Release|Any CPU
		{FBAA6A6C-E72F-4F6F-85A6-D5F8454F49B0}.Release|iPhoneSimulator.ActiveCfg = Release|Any CPU
		{FBAA6A6C-E72F-4F6F-85A6-D5F8454F49B0}.Release|iPhoneSimulator.Build.0 = Release|Any CPU
		{FBAA6A6C-E72F-4F6F-85A6-D5F8454F49B0}.Release|iPhoneSimulator.Deploy.0 = Release|Any CPU
		{FBAA6A6C-E72F-4F6F-85A6-D5F8454F49B0}.Release|x64.ActiveCfg = Release|Any CPU
		{FBAA6A6C-E72F-4F6F-85A6-D5F8454F49B0}.Release|x64.Build.0 = Release|Any CPU
		{FBAA6A6C-E72F-4F6F-85A6-D5F8454F49B0}.Release|x64.Deploy.0 = Release|Any CPU
		{FBAA6A6C-E72F-4F6F-85A6-D5F8454F49B0}.Release|x86.ActiveCfg = Release|Any CPU
		{FBAA6A6C-E72F-4F6F-85A6-D5F8454F49B0}.Release|x86.Build.0 = Release|Any CPU
		{FBAA6A6C-E72F-4F6F-85A6-D5F8454F49B0}.Release|x86.Deploy.0 = Release|Any CPU
		{DA93E355-B257-45F0-BBC4-E81765CAF442}.Debug|Any CPU.ActiveCfg = Debug|iPhone
		{DA93E355-B257-45F0-BBC4-E81765CAF442}.Debug|Any CPU.Build.0 = Debug|iPhone
		{DA93E355-B257-45F0-BBC4-E81765CAF442}.Debug|Any CPU.Deploy.0 = Debug|iPhone
		{DA93E355-B257-45F0-BBC4-E81765CAF442}.Debug|ARM.ActiveCfg = Debug|iPhoneSimulator
		{DA93E355-B257-45F0-BBC4-E81765CAF442}.Debug|ARM.Build.0 = Debug|iPhoneSimulator
		{DA93E355-B257-45F0-BBC4-E81765CAF442}.Debug|ARM.Deploy.0 = Debug|iPhoneSimulator
		{DA93E355-B257-45F0-BBC4-E81765CAF442}.Debug|iPhone.ActiveCfg = Debug|iPhone
		{DA93E355-B257-45F0-BBC4-E81765CAF442}.Debug|iPhone.Build.0 = Debug|iPhone
		{DA93E355-B257-45F0-BBC4-E81765CAF442}.Debug|iPhone.Deploy.0 = Debug|iPhone
		{DA93E355-B257-45F0-BBC4-E81765CAF442}.Debug|iPhoneSimulator.ActiveCfg = Debug|iPhoneSimulator
		{DA93E355-B257-45F0-BBC4-E81765CAF442}.Debug|iPhoneSimulator.Build.0 = Debug|iPhoneSimulator
		{DA93E355-B257-45F0-BBC4-E81765CAF442}.Debug|iPhoneSimulator.Deploy.0 = Debug|iPhoneSimulator
		{DA93E355-B257-45F0-BBC4-E81765CAF442}.Debug|x64.ActiveCfg = Debug|iPhone
		{DA93E355-B257-45F0-BBC4-E81765CAF442}.Debug|x64.Build.0 = Debug|iPhone
		{DA93E355-B257-45F0-BBC4-E81765CAF442}.Debug|x64.Deploy.0 = Debug|iPhone
		{DA93E355-B257-45F0-BBC4-E81765CAF442}.Debug|x86.ActiveCfg = Debug|iPhone
		{DA93E355-B257-45F0-BBC4-E81765CAF442}.Debug|x86.Build.0 = Debug|iPhone
		{DA93E355-B257-45F0-BBC4-E81765CAF442}.Debug|x86.Deploy.0 = Debug|iPhone
		{DA93E355-B257-45F0-BBC4-E81765CAF442}.Release|Any CPU.ActiveCfg = Release|iPhone
		{DA93E355-B257-45F0-BBC4-E81765CAF442}.Release|Any CPU.Build.0 = Release|iPhone
		{DA93E355-B257-45F0-BBC4-E81765CAF442}.Release|Any CPU.Deploy.0 = Release|iPhone
		{DA93E355-B257-45F0-BBC4-E81765CAF442}.Release|ARM.ActiveCfg = Release|iPhone
		{DA93E355-B257-45F0-BBC4-E81765CAF442}.Release|ARM.Build.0 = Release|iPhone
		{DA93E355-B257-45F0-BBC4-E81765CAF442}.Release|ARM.Deploy.0 = Release|iPhone
		{DA93E355-B257-45F0-BBC4-E81765CAF442}.Release|iPhone.ActiveCfg = Release|iPhone
		{DA93E355-B257-45F0-BBC4-E81765CAF442}.Release|iPhone.Build.0 = Release|iPhone
		{DA93E355-B257-45F0-BBC4-E81765CAF442}.Release|iPhone.Deploy.0 = Release|iPhone
		{DA93E355-B257-45F0-BBC4-E81765CAF442}.Release|iPhoneSimulator.ActiveCfg = Release|iPhoneSimulator
		{DA93E355-B257-45F0-BBC4-E81765CAF442}.Release|iPhoneSimulator.Build.0 = Release|iPhoneSimulator
		{DA93E355-B257-45F0-BBC4-E81765CAF442}.Release|iPhoneSimulator.Deploy.0 = Release|iPhoneSimulator
		{DA93E355-B257-45F0-BBC4-E81765CAF442}.Release|x64.ActiveCfg = Release|iPhone
		{DA93E355-B257-45F0-BBC4-E81765CAF442}.Release|x64.Build.0 = Release|iPhone
		{DA93E355-B257-45F0-BBC4-E81765CAF442}.Release|x64.Deploy.0 = Release|iPhone
		{DA93E355-B257-45F0-BBC4-E81765CAF442}.Release|x86.ActiveCfg = Release|iPhone
		{DA93E355-B257-45F0-BBC4-E81765CAF442}.Release|x86.Build.0 = Release|iPhone
		{DA93E355-B257-45F0-BBC4-E81765CAF442}.Release|x86.Deploy.0 = Release|iPhone
		{F5AEE682-1531-45A9-9C08-A124F9C45F58}.Debug|Any CPU.ActiveCfg = Debug|Any CPU
		{F5AEE682-1531-45A9-9C08-A124F9C45F58}.Debug|Any CPU.Build.0 = Debug|Any CPU
		{F5AEE682-1531-45A9-9C08-A124F9C45F58}.Debug|Any CPU.Deploy.0 = Debug|Any CPU
		{F5AEE682-1531-45A9-9C08-A124F9C45F58}.Debug|ARM.ActiveCfg = Debug|Any CPU
		{F5AEE682-1531-45A9-9C08-A124F9C45F58}.Debug|ARM.Build.0 = Debug|Any CPU
		{F5AEE682-1531-45A9-9C08-A124F9C45F58}.Debug|ARM.Deploy.0 = Debug|Any CPU
		{F5AEE682-1531-45A9-9C08-A124F9C45F58}.Debug|iPhone.ActiveCfg = Debug|Any CPU
		{F5AEE682-1531-45A9-9C08-A124F9C45F58}.Debug|iPhone.Build.0 = Debug|Any CPU
		{F5AEE682-1531-45A9-9C08-A124F9C45F58}.Debug|iPhone.Deploy.0 = Debug|Any CPU
		{F5AEE682-1531-45A9-9C08-A124F9C45F58}.Debug|iPhoneSimulator.ActiveCfg = Debug|Any CPU
		{F5AEE682-1531-45A9-9C08-A124F9C45F58}.Debug|iPhoneSimulator.Build.0 = Debug|Any CPU
		{F5AEE682-1531-45A9-9C08-A124F9C45F58}.Debug|iPhoneSimulator.Deploy.0 = Debug|Any CPU
		{F5AEE682-1531-45A9-9C08-A124F9C45F58}.Debug|x64.ActiveCfg = Debug|Any CPU
		{F5AEE682-1531-45A9-9C08-A124F9C45F58}.Debug|x64.Build.0 = Debug|Any CPU
		{F5AEE682-1531-45A9-9C08-A124F9C45F58}.Debug|x64.Deploy.0 = Debug|Any CPU
		{F5AEE682-1531-45A9-9C08-A124F9C45F58}.Debug|x86.ActiveCfg = Debug|Any CPU
		{F5AEE682-1531-45A9-9C08-A124F9C45F58}.Debug|x86.Build.0 = Debug|Any CPU
		{F5AEE682-1531-45A9-9C08-A124F9C45F58}.Debug|x86.Deploy.0 = Debug|Any CPU
		{F5AEE682-1531-45A9-9C08-A124F9C45F58}.Release|Any CPU.ActiveCfg = Release|Any CPU
		{F5AEE682-1531-45A9-9C08-A124F9C45F58}.Release|Any CPU.Build.0 = Release|Any CPU
		{F5AEE682-1531-45A9-9C08-A124F9C45F58}.Release|Any CPU.Deploy.0 = Release|Any CPU
		{F5AEE682-1531-45A9-9C08-A124F9C45F58}.Release|ARM.ActiveCfg = Release|Any CPU
		{F5AEE682-1531-45A9-9C08-A124F9C45F58}.Release|ARM.Build.0 = Release|Any CPU
		{F5AEE682-1531-45A9-9C08-A124F9C45F58}.Release|ARM.Deploy.0 = Release|Any CPU
		{F5AEE682-1531-45A9-9C08-A124F9C45F58}.Release|iPhone.ActiveCfg = Release|Any CPU
		{F5AEE682-1531-45A9-9C08-A124F9C45F58}.Release|iPhone.Build.0 = Release|Any CPU
		{F5AEE682-1531-45A9-9C08-A124F9C45F58}.Release|iPhone.Deploy.0 = Release|Any CPU
		{F5AEE682-1531-45A9-9C08-A124F9C45F58}.Release|iPhoneSimulator.ActiveCfg = Release|Any CPU
		{F5AEE682-1531-45A9-9C08-A124F9C45F58}.Release|iPhoneSimulator.Build.0 = Release|Any CPU
		{F5AEE682-1531-45A9-9C08-A124F9C45F58}.Release|iPhoneSimulator.Deploy.0 = Release|Any CPU
		{F5AEE682-1531-45A9-9C08-A124F9C45F58}.Release|x64.ActiveCfg = Release|Any CPU
		{F5AEE682-1531-45A9-9C08-A124F9C45F58}.Release|x64.Build.0 = Release|Any CPU
		{F5AEE682-1531-45A9-9C08-A124F9C45F58}.Release|x64.Deploy.0 = Release|Any CPU
		{F5AEE682-1531-45A9-9C08-A124F9C45F58}.Release|x86.ActiveCfg = Release|Any CPU
		{F5AEE682-1531-45A9-9C08-A124F9C45F58}.Release|x86.Build.0 = Release|Any CPU
		{F5AEE682-1531-45A9-9C08-A124F9C45F58}.Release|x86.Deploy.0 = Release|Any CPU
	EndGlobalSection
	GlobalSection(SolutionProperties) = preSolution
		HideSolutionNode = FALSE
	EndGlobalSection
	GlobalSection(ExtensibilityGlobals) = postSolution
		SolutionGuid = {6E17837A-34F7-4439-A696-E7E039F3304E}
	EndGlobalSection
EndGlobal
